// !$*UTF8*$!
{
	archiveVersion = 1;
	classes = {
	};
	objectVersion = 51;
	objects = {

/* Begin PBXBuildFile section */
		9C688E9B253DD0AA00A16C8C /* AppDelegate.swift in Sources */ = {isa = PBXBuildFile; fileRef = 9C688E9A253DD0AA00A16C8C /* AppDelegate.swift */; };
		9C688E9D253DD0AA00A16C8C /* SceneDelegate.swift in Sources */ = {isa = PBXBuildFile; fileRef = 9C688E9C253DD0AA00A16C8C /* SceneDelegate.swift */; };
		9C688E9F253DD0AA00A16C8C /* ViewController.swift in Sources */ = {isa = PBXBuildFile; fileRef = 9C688E9E253DD0AA00A16C8C /* ViewController.swift */; };
		9C688EA2253DD0AA00A16C8C /* Main.storyboard in Resources */ = {isa = PBXBuildFile; fileRef = 9C688EA0253DD0AA00A16C8C /* Main.storyboard */; };
		9C688EA4253DD0AC00A16C8C /* Assets.xcassets in Resources */ = {isa = PBXBuildFile; fileRef = 9C688EA3253DD0AC00A16C8C /* Assets.xcassets */; };
		9C688EA7253DD0AC00A16C8C /* LaunchScreen.storyboard in Resources */ = {isa = PBXBuildFile; fileRef = 9C688EA5253DD0AC00A16C8C /* LaunchScreen.storyboard */; };
		9C688EAF253DD31F00A16C8C /* DummyBackend.swift in Sources */ = {isa = PBXBuildFile; fileRef = 9C688EAE253DD31F00A16C8C /* DummyBackend.swift */; };
		EA1DD973DBC429E5931AA51A /* Pods_ExampleAVPlayer_IMA.framework in Frameworks */ = {isa = PBXBuildFile; fileRef = 4B29FF33E247C582539B6BA2 /* Pods_ExampleAVPlayer_IMA.framework */; };
/* End PBXBuildFile section */

/* Begin PBXFileReference section */
		4B29FF33E247C582539B6BA2 /* Pods_ExampleAVPlayer_IMA.framework */ = {isa = PBXFileReference; explicitFileType = wrapper.framework; includeInIndex = 0; path = Pods_ExampleAVPlayer_IMA.framework; sourceTree = BUILT_PRODUCTS_DIR; };
		9C688E97253DD0AA00A16C8C /* ExampleAVPlayer+IMA.app */ = {isa = PBXFileReference; explicitFileType = wrapper.application; includeInIndex = 0; path = "ExampleAVPlayer+IMA.app"; sourceTree = BUILT_PRODUCTS_DIR; };
		9C688E9A253DD0AA00A16C8C /* AppDelegate.swift */ = {isa = PBXFileReference; lastKnownFileType = sourcecode.swift; path = AppDelegate.swift; sourceTree = "<group>"; };
		9C688E9C253DD0AA00A16C8C /* SceneDelegate.swift */ = {isa = PBXFileReference; lastKnownFileType = sourcecode.swift; path = SceneDelegate.swift; sourceTree = "<group>"; };
		9C688E9E253DD0AA00A16C8C /* ViewController.swift */ = {isa = PBXFileReference; lastKnownFileType = sourcecode.swift; path = ViewController.swift; sourceTree = "<group>"; };
		9C688EA1253DD0AA00A16C8C /* Base */ = {isa = PBXFileReference; lastKnownFileType = file.storyboard; name = Base; path = Base.lproj/Main.storyboard; sourceTree = "<group>"; };
		9C688EA3253DD0AC00A16C8C /* Assets.xcassets */ = {isa = PBXFileReference; lastKnownFileType = folder.assetcatalog; path = Assets.xcassets; sourceTree = "<group>"; };
		9C688EA6253DD0AC00A16C8C /* Base */ = {isa = PBXFileReference; lastKnownFileType = file.storyboard; name = Base; path = Base.lproj/LaunchScreen.storyboard; sourceTree = "<group>"; };
		9C688EA8253DD0AC00A16C8C /* Info.plist */ = {isa = PBXFileReference; lastKnownFileType = text.plist.xml; path = Info.plist; sourceTree = "<group>"; };
		9C688EAE253DD31F00A16C8C /* DummyBackend.swift */ = {isa = PBXFileReference; fileEncoding = 4; lastKnownFileType = sourcecode.swift; path = DummyBackend.swift; sourceTree = "<group>"; };
		A6C9F7CFD6ABF2775EAFFEB1 /* Pods-ExampleAVPlayer+IMA.debug.xcconfig */ = {isa = PBXFileReference; includeInIndex = 1; lastKnownFileType = text.xcconfig; name = "Pods-ExampleAVPlayer+IMA.debug.xcconfig"; path = "Target Support Files/Pods-ExampleAVPlayer+IMA/Pods-ExampleAVPlayer+IMA.debug.xcconfig"; sourceTree = "<group>"; };
		BD3158BEC3CE3F7389CA6248 /* Pods-ExampleAVPlayer+IMA.release.xcconfig */ = {isa = PBXFileReference; includeInIndex = 1; lastKnownFileType = text.xcconfig; name = "Pods-ExampleAVPlayer+IMA.release.xcconfig"; path = "Target Support Files/Pods-ExampleAVPlayer+IMA/Pods-ExampleAVPlayer+IMA.release.xcconfig"; sourceTree = "<group>"; };
/* End PBXFileReference section */

/* Begin PBXFrameworksBuildPhase section */
		9C688E94253DD0AA00A16C8C /* Frameworks */ = {
			isa = PBXFrameworksBuildPhase;
			buildActionMask = 2147483647;
			files = (
				EA1DD973DBC429E5931AA51A /* Pods_ExampleAVPlayer_IMA.framework in Frameworks */,
			);
			runOnlyForDeploymentPostprocessing = 0;
		};
/* End PBXFrameworksBuildPhase section */

/* Begin PBXGroup section */
		8E459F865924B609E5A16376 /* Frameworks */ = {
			isa = PBXGroup;
			children = (
				4B29FF33E247C582539B6BA2 /* Pods_ExampleAVPlayer_IMA.framework */,
			);
			name = Frameworks;
			sourceTree = "<group>";
		};
		9C688E8E253DD0AA00A16C8C = {
			isa = PBXGroup;
			children = (
				9C688E99253DD0AA00A16C8C /* ExampleAVPlayer+IMA */,
				9C688E98253DD0AA00A16C8C /* Products */,
				FD1B1384DA4276A0F27C84D2 /* Pods */,
				8E459F865924B609E5A16376 /* Frameworks */,
			);
			sourceTree = "<group>";
		};
		9C688E98253DD0AA00A16C8C /* Products */ = {
			isa = PBXGroup;
			children = (
				9C688E97253DD0AA00A16C8C /* ExampleAVPlayer+IMA.app */,
			);
			name = Products;
			sourceTree = "<group>";
		};
		9C688E99253DD0AA00A16C8C /* ExampleAVPlayer+IMA */ = {
			isa = PBXGroup;
			children = (
				9C688EAE253DD31F00A16C8C /* DummyBackend.swift */,
				9C688E9A253DD0AA00A16C8C /* AppDelegate.swift */,
				9C688E9C253DD0AA00A16C8C /* SceneDelegate.swift */,
				9C688E9E253DD0AA00A16C8C /* ViewController.swift */,
				9C688EA0253DD0AA00A16C8C /* Main.storyboard */,
				9C688EA3253DD0AC00A16C8C /* Assets.xcassets */,
				9C688EA5253DD0AC00A16C8C /* LaunchScreen.storyboard */,
				9C688EA8253DD0AC00A16C8C /* Info.plist */,
			);
			path = "ExampleAVPlayer+IMA";
			sourceTree = "<group>";
		};
		FD1B1384DA4276A0F27C84D2 /* Pods */ = {
			isa = PBXGroup;
			children = (
				A6C9F7CFD6ABF2775EAFFEB1 /* Pods-ExampleAVPlayer+IMA.debug.xcconfig */,
				BD3158BEC3CE3F7389CA6248 /* Pods-ExampleAVPlayer+IMA.release.xcconfig */,
			);
			path = Pods;
			sourceTree = "<group>";
		};
/* End PBXGroup section */

/* Begin PBXNativeTarget section */
		9C688E96253DD0AA00A16C8C /* ExampleAVPlayer+IMA */ = {
			isa = PBXNativeTarget;
			buildConfigurationList = 9C688EAB253DD0AC00A16C8C /* Build configuration list for PBXNativeTarget "ExampleAVPlayer+IMA" */;
			buildPhases = (
				FBE9F0239840357B9EE66049 /* [CP] Check Pods Manifest.lock */,
				9C688E93253DD0AA00A16C8C /* Sources */,
				9C688E94253DD0AA00A16C8C /* Frameworks */,
				9C688E95253DD0AA00A16C8C /* Resources */,
				4385D0C6CAA4A8225B8DF305 /* [CP] Embed Pods Frameworks */,
			);
			buildRules = (
			);
			dependencies = (
			);
			name = "ExampleAVPlayer+IMA";
			productName = "ExampleAVPlayer+IMA";
			productReference = 9C688E97253DD0AA00A16C8C /* ExampleAVPlayer+IMA.app */;
			productType = "com.apple.product-type.application";
		};
/* End PBXNativeTarget section */

/* Begin PBXProject section */
		9C688E8F253DD0AA00A16C8C /* Project object */ = {
			isa = PBXProject;
			attributes = {
				LastSwiftUpdateCheck = 1160;
				LastUpgradeCheck = 1160;
				ORGANIZATIONNAME = "Open Audio-Video Telemetry";
				TargetAttributes = {
					9C688E96253DD0AA00A16C8C = {
						CreatedOnToolsVersion = 11.6;
					};
				};
			};
			buildConfigurationList = 9C688E92253DD0AA00A16C8C /* Build configuration list for PBXProject "ExampleAVPlayer+IMA" */;
			compatibilityVersion = "Xcode 9.3";
			developmentRegion = en;
			hasScannedForEncodings = 0;
			knownRegions = (
				en,
				Base,
			);
			mainGroup = 9C688E8E253DD0AA00A16C8C;
			productRefGroup = 9C688E98253DD0AA00A16C8C /* Products */;
			projectDirPath = "";
			projectRoot = "";
			targets = (
				9C688E96253DD0AA00A16C8C /* ExampleAVPlayer+IMA */,
			);
		};
/* End PBXProject section */

/* Begin PBXResourcesBuildPhase section */
		9C688E95253DD0AA00A16C8C /* Resources */ = {
			isa = PBXResourcesBuildPhase;
			buildActionMask = 2147483647;
			files = (
				9C688EA7253DD0AC00A16C8C /* LaunchScreen.storyboard in Resources */,
				9C688EA4253DD0AC00A16C8C /* Assets.xcassets in Resources */,
				9C688EA2253DD0AA00A16C8C /* Main.storyboard in Resources */,
			);
			runOnlyForDeploymentPostprocessing = 0;
		};
/* End PBXResourcesBuildPhase section */

/* Begin PBXShellScriptBuildPhase section */
		4385D0C6CAA4A8225B8DF305 /* [CP] Embed Pods Frameworks */ = {
			isa = PBXShellScriptBuildPhase;
			buildActionMask = 2147483647;
			files = (
			);
			inputFileListPaths = (
				"${PODS_ROOT}/Target Support Files/Pods-ExampleAVPlayer+IMA/Pods-ExampleAVPlayer+IMA-frameworks-${CONFIGURATION}-input-files.xcfilelist",
			);
			name = "[CP] Embed Pods Frameworks";
			outputFileListPaths = (
				"${PODS_ROOT}/Target Support Files/Pods-ExampleAVPlayer+IMA/Pods-ExampleAVPlayer+IMA-frameworks-${CONFIGURATION}-output-files.xcfilelist",
			);
			runOnlyForDeploymentPostprocessing = 0;
			shellPath = /bin/sh;
			shellScript = "\"${PODS_ROOT}/Target Support Files/Pods-ExampleAVPlayer+IMA/Pods-ExampleAVPlayer+IMA-frameworks.sh\"\n";
			showEnvVarsInLog = 0;
		};
		FBE9F0239840357B9EE66049 /* [CP] Check Pods Manifest.lock */ = {
			isa = PBXShellScriptBuildPhase;
			buildActionMask = 2147483647;
			files = (
			);
			inputFileListPaths = (
			);
			inputPaths = (
				"${PODS_PODFILE_DIR_PATH}/Podfile.lock",
				"${PODS_ROOT}/Manifest.lock",
			);
			name = "[CP] Check Pods Manifest.lock";
			outputFileListPaths = (
			);
			outputPaths = (
				"$(DERIVED_FILE_DIR)/Pods-ExampleAVPlayer+IMA-checkManifestLockResult.txt",
			);
			runOnlyForDeploymentPostprocessing = 0;
			shellPath = /bin/sh;
			shellScript = "diff \"${PODS_PODFILE_DIR_PATH}/Podfile.lock\" \"${PODS_ROOT}/Manifest.lock\" > /dev/null\nif [ $? != 0 ] ; then\n    # print error to STDERR\n    echo \"error: The sandbox is not in sync with the Podfile.lock. Run 'pod install' or update your CocoaPods installation.\" >&2\n    exit 1\nfi\n# This output is used by Xcode 'outputs' to avoid re-running this script phase.\necho \"SUCCESS\" > \"${SCRIPT_OUTPUT_FILE_0}\"\n";
			showEnvVarsInLog = 0;
		};
/* End PBXShellScriptBuildPhase section */

/* Begin PBXSourcesBuildPhase section */
		9C688E93253DD0AA00A16C8C /* Sources */ = {
			isa = PBXSourcesBuildPhase;
			buildActionMask = 2147483647;
			files = (
				9C688E9F253DD0AA00A16C8C /* ViewController.swift in Sources */,
				9C688EAF253DD31F00A16C8C /* DummyBackend.swift in Sources */,
				9C688E9B253DD0AA00A16C8C /* AppDelegate.swift in Sources */,
				9C688E9D253DD0AA00A16C8C /* SceneDelegate.swift in Sources */,
			);
			runOnlyForDeploymentPostprocessing = 0;
		};
/* End PBXSourcesBuildPhase section */

/* Begin PBXVariantGroup section */
		9C688EA0253DD0AA00A16C8C /* Main.storyboard */ = {
			isa = PBXVariantGroup;
			children = (
				9C688EA1253DD0AA00A16C8C /* Base */,
			);
			name = Main.storyboard;
			sourceTree = "<group>";
		};
		9C688EA5253DD0AC00A16C8C /* LaunchScreen.storyboard */ = {
			isa = PBXVariantGroup;
			children = (
				9C688EA6253DD0AC00A16C8C /* Base */,
			);
			name = LaunchScreen.storyboard;
			sourceTree = "<group>";
		};
/* End PBXVariantGroup section */

/* Begin XCBuildConfiguration section */
		9C688EA9253DD0AC00A16C8C /* Debug */ = {
			isa = XCBuildConfiguration;
			buildSettings = {
				ALWAYS_SEARCH_USER_PATHS = NO;
				CLANG_ANALYZER_NONNULL = YES;
				CLANG_ANALYZER_NUMBER_OBJECT_CONVERSION = YES_AGGRESSIVE;
				CLANG_CXX_LANGUAGE_STANDARD = "gnu++14";
				CLANG_CXX_LIBRARY = "libc++";
				CLANG_ENABLE_MODULES = YES;
				CLANG_ENABLE_OBJC_ARC = YES;
				CLANG_ENABLE_OBJC_WEAK = YES;
				CLANG_WARN_BLOCK_CAPTURE_AUTORELEASING = YES;
				CLANG_WARN_BOOL_CONVERSION = YES;
				CLANG_WARN_COMMA = YES;
				CLANG_WARN_CONSTANT_CONVERSION = YES;
				CLANG_WARN_DEPRECATED_OBJC_IMPLEMENTATIONS = YES;
				CLANG_WARN_DIRECT_OBJC_ISA_USAGE = YES_ERROR;
				CLANG_WARN_DOCUMENTATION_COMMENTS = YES;
				CLANG_WARN_EMPTY_BODY = YES;
				CLANG_WARN_ENUM_CONVERSION = YES;
				CLANG_WARN_INFINITE_RECURSION = YES;
				CLANG_WARN_INT_CONVERSION = YES;
				CLANG_WARN_NON_LITERAL_NULL_CONVERSION = YES;
				CLANG_WARN_OBJC_IMPLICIT_RETAIN_SELF = YES;
				CLANG_WARN_OBJC_LITERAL_CONVERSION = YES;
				CLANG_WARN_OBJC_ROOT_CLASS = YES_ERROR;
				CLANG_WARN_RANGE_LOOP_ANALYSIS = YES;
				CLANG_WARN_STRICT_PROTOTYPES = YES;
				CLANG_WARN_SUSPICIOUS_MOVE = YES;
				CLANG_WARN_UNGUARDED_AVAILABILITY = YES_AGGRESSIVE;
				CLANG_WARN_UNREACHABLE_CODE = YES;
				CLANG_WARN__DUPLICATE_METHOD_MATCH = YES;
				COPY_PHASE_STRIP = NO;
				DEBUG_INFORMATION_FORMAT = dwarf;
				ENABLE_STRICT_OBJC_MSGSEND = YES;
				ENABLE_TESTABILITY = YES;
				GCC_C_LANGUAGE_STANDARD = gnu11;
				GCC_DYNAMIC_NO_PIC = NO;
				GCC_NO_COMMON_BLOCKS = YES;
				GCC_OPTIMIZATION_LEVEL = 0;
				GCC_PREPROCESSOR_DEFINITIONS = (
					"DEBUG=1",
					"$(inherited)",
				);
				GCC_WARN_64_TO_32_BIT_CONVERSION = YES;
				GCC_WARN_ABOUT_RETURN_TYPE = YES_ERROR;
				GCC_WARN_UNDECLARED_SELECTOR = YES;
				GCC_WARN_UNINITIALIZED_AUTOS = YES_AGGRESSIVE;
				GCC_WARN_UNUSED_FUNCTION = YES;
				GCC_WARN_UNUSED_VARIABLE = YES;
				IPHONEOS_DEPLOYMENT_TARGET = 13.6;
				MTL_ENABLE_DEBUG_INFO = INCLUDE_SOURCE;
				MTL_FAST_MATH = YES;
				ONLY_ACTIVE_ARCH = YES;
				SDKROOT = iphoneos;
				SWIFT_ACTIVE_COMPILATION_CONDITIONS = DEBUG;
				SWIFT_OPTIMIZATION_LEVEL = "-Onone";
			};
			name = Debug;
		};
		9C688EAA253DD0AC00A16C8C /* Release */ = {
			isa = XCBuildConfiguration;
			buildSettings = {
				ALWAYS_SEARCH_USER_PATHS = NO;
				CLANG_ANALYZER_NONNULL = YES;
				CLANG_ANALYZER_NUMBER_OBJECT_CONVERSION = YES_AGGRESSIVE;
				CLANG_CXX_LANGUAGE_STANDARD = "gnu++14";
				CLANG_CXX_LIBRARY = "libc++";
				CLANG_ENABLE_MODULES = YES;
				CLANG_ENABLE_OBJC_ARC = YES;
				CLANG_ENABLE_OBJC_WEAK = YES;
				CLANG_WARN_BLOCK_CAPTURE_AUTORELEASING = YES;
				CLANG_WARN_BOOL_CONVERSION = YES;
				CLANG_WARN_COMMA = YES;
				CLANG_WARN_CONSTANT_CONVERSION = YES;
				CLANG_WARN_DEPRECATED_OBJC_IMPLEMENTATIONS = YES;
				CLANG_WARN_DIRECT_OBJC_ISA_USAGE = YES_ERROR;
				CLANG_WARN_DOCUMENTATION_COMMENTS = YES;
				CLANG_WARN_EMPTY_BODY = YES;
				CLANG_WARN_ENUM_CONVERSION = YES;
				CLANG_WARN_INFINITE_RECURSION = YES;
				CLANG_WARN_INT_CONVERSION = YES;
				CLANG_WARN_NON_LITERAL_NULL_CONVERSION = YES;
				CLANG_WARN_OBJC_IMPLICIT_RETAIN_SELF = YES;
				CLANG_WARN_OBJC_LITERAL_CONVERSION = YES;
				CLANG_WARN_OBJC_ROOT_CLASS = YES_ERROR;
				CLANG_WARN_RANGE_LOOP_ANALYSIS = YES;
				CLANG_WARN_STRICT_PROTOTYPES = YES;
				CLANG_WARN_SUSPICIOUS_MOVE = YES;
				CLANG_WARN_UNGUARDED_AVAILABILITY = YES_AGGRESSIVE;
				CLANG_WARN_UNREACHABLE_CODE = YES;
				CLANG_WARN__DUPLICATE_METHOD_MATCH = YES;
				COPY_PHASE_STRIP = NO;
				DEBUG_INFORMATION_FORMAT = "dwarf-with-dsym";
				ENABLE_NS_ASSERTIONS = NO;
				ENABLE_STRICT_OBJC_MSGSEND = YES;
				GCC_C_LANGUAGE_STANDARD = gnu11;
				GCC_NO_COMMON_BLOCKS = YES;
				GCC_WARN_64_TO_32_BIT_CONVERSION = YES;
				GCC_WARN_ABOUT_RETURN_TYPE = YES_ERROR;
				GCC_WARN_UNDECLARED_SELECTOR = YES;
				GCC_WARN_UNINITIALIZED_AUTOS = YES_AGGRESSIVE;
				GCC_WARN_UNUSED_FUNCTION = YES;
				GCC_WARN_UNUSED_VARIABLE = YES;
				IPHONEOS_DEPLOYMENT_TARGET = 13.6;
				MTL_ENABLE_DEBUG_INFO = NO;
				MTL_FAST_MATH = YES;
				SDKROOT = iphoneos;
				SWIFT_COMPILATION_MODE = wholemodule;
				SWIFT_OPTIMIZATION_LEVEL = "-O";
				VALIDATE_PRODUCT = YES;
			};
			name = Release;
		};
		9C688EAC253DD0AC00A16C8C /* Debug */ = {
			isa = XCBuildConfiguration;
			baseConfigurationReference = A6C9F7CFD6ABF2775EAFFEB1 /* Pods-ExampleAVPlayer+IMA.debug.xcconfig */;
			buildSettings = {
				ASSETCATALOG_COMPILER_APPICON_NAME = AppIcon;
				CODE_SIGN_STYLE = Automatic;
				DEVELOPMENT_TEAM = G8ZB8K99NL;
				INFOPLIST_FILE = "ExampleAVPlayer+IMA/Info.plist";
				LD_RUNPATH_SEARCH_PATHS = (
					"$(inherited)",
					"@executable_path/Frameworks",
				);
				PRODUCT_BUNDLE_IDENTIFIER = "com.openavt.ExampleAVPlayer-IMA";
				PRODUCT_NAME = "$(TARGET_NAME)";
				SWIFT_VERSION = 5.0;
				TARGETED_DEVICE_FAMILY = "1,2";
			};
			name = Debug;
		};
		9C688EAD253DD0AC00A16C8C /* Release */ = {
			isa = XCBuildConfiguration;
			baseConfigurationReference = BD3158BEC3CE3F7389CA6248 /* Pods-ExampleAVPlayer+IMA.release.xcconfig */;
			buildSettings = {
				ASSETCATALOG_COMPILER_APPICON_NAME = AppIcon;
				CODE_SIGN_STYLE = Automatic;
				DEVELOPMENT_TEAM = G8ZB8K99NL;
				INFOPLIST_FILE = "ExampleAVPlayer+IMA/Info.plist";
				LD_RUNPATH_SEARCH_PATHS = (
					"$(inherited)",
					"@executable_path/Frameworks",
				);
				PRODUCT_BUNDLE_IDENTIFIER = "com.openavt.ExampleAVPlayer-IMA";
				PRODUCT_NAME = "$(TARGET_NAME)";
				SWIFT_VERSION = 5.0;
				TARGETED_DEVICE_FAMILY = "1,2";
			};
			name = Release;
		};
/* End XCBuildConfiguration section */

/* Begin XCConfigurationList section */
		9C688E92253DD0AA00A16C8C /* Build configuration list for PBXProject "ExampleAVPlayer+IMA" */ = {
			isa = XCConfigurationList;
			buildConfigurations = (
				9C688EA9253DD0AC00A16C8C /* Debug */,
				9C688EAA253DD0AC00A16C8C /* Release */,
			);
			defaultConfigurationIsVisible = 0;
			defaultConfigurationName = Release;
		};
		9C688EAB253DD0AC00A16C8C /* Build configuration list for PBXNativeTarget "ExampleAVPlayer+IMA" */ = {
			isa = XCConfigurationList;
			buildConfigurations = (
				9C688EAC253DD0AC00A16C8C /* Debug */,
				9C688EAD253DD0AC00A16C8C /* Release */,
			);
			defaultConfigurationIsVisible = 0;
			defaultConfigurationName = Release;
		};
/* End XCConfigurationList section */
	};
	rootObject = 9C688E8F253DD0AA00A16C8C /* Project object */;
}
